
Microsoft Visual Studio Solution File, Format Version 12.00
# Visual Studio Version 16
VisualStudioVersion = 16.0.29519.181
MinimumVisualStudioVersion = 10.0.40219.1
Project("{888888A0-9F3D-457C-B088-3A5042F75D52}") = "Python_Dersleri", "Python_Dersleri.pyproj", "{A8E626CD-0DE2-4D20-B82C-2777208C1F78}"
EndProject
Global
	GlobalSection(SolutionConfigurationPlatforms) = preSolution
		Debug|Any CPU = Debug|Any CPU
		Release|Any CPU = Release|Any CPU
	EndGlobalSection
	GlobalSection(ProjectConfigurationPlatforms) = postSolution
		{A8E626CD-0DE2-4D20-B82C-2777208C1F78}.Debug|Any CPU.ActiveCfg = Debug|Any CPU
		{A8E626CD-0DE2-4D20-B82C-2777208C1F78}.Release|Any CPU.ActiveCfg = Release|Any CPU
	EndGlobalSection
	GlobalSection(SolutionProperties) = preSolution
		HideSolutionNode = FALSE
	EndGlobalSection
	GlobalSection(ExtensibilityGlobals) = postSolution
		SolutionGuid = {6F6B42DB-B471-4106-B962-2F35BD5F9337}
	EndGlobalSection
EndGlobal
